// !$*UTF8*$!
{
	archiveVersion = 1;
	classes = {
	};
	objectVersion = 48;
	objects = {

/* Begin PBXBuildFile section */
		9160CCCC1FA92ADF001F8240 /* AppDelegate.swift in Sources */ = {isa = PBXBuildFile; fileRef = 9160CCCB1FA92ADF001F8240 /* AppDelegate.swift */; };
		9160CCCE1FA92ADF001F8240 /* Assets.xcassets in Resources */ = {isa = PBXBuildFile; fileRef = 9160CCCD1FA92ADF001F8240 /* Assets.xcassets */; };
		9160CCD11FA92ADF001F8240 /* MainMenu.xib in Resources */ = {isa = PBXBuildFile; fileRef = 9160CCCF1FA92ADF001F8240 /* MainMenu.xib */; };
/* End PBXBuildFile section */

/* Begin PBXFileReference section */
		9160CCC81FA92ADF001F8240 /* 6F27EA43285A41A2A0B3DF309051E1BB.app */ = {isa = PBXFileReference; explicitFileType = wrapper.application; includeInIndex = 0; path = 6F27EA43285A41A2A0B3DF309051E1BB.app; sourceTree = BUILT_PRODUCTS_DIR; };
		9160CCCB1FA92ADF001F8240 /* AppDelegate.swift */ = {isa = PBXFileReference; lastKnownFileType = sourcecode.swift; path = AppDelegate.swift; sourceTree = "<group>"; };
		9160CCCD1FA92ADF001F8240 /* Assets.xcassets */ = {isa = PBXFileReference; lastKnownFileType = folder.assetcatalog; path = Assets.xcassets; sourceTree = "<group>"; };
		9160CCD01FA92ADF001F8240 /* Base */ = {isa = PBXFileReference; lastKnownFileType = file.xib; name = Base; path = Base.lproj/MainMenu.xib; sourceTree = "<group>"; };
		9160CCD21FA92ADF001F8240 /* Info.plist */ = {isa = PBXFileReference; lastKnownFileType = text.plist.xml; path = Info.plist; sourceTree = "<group>"; };
		9160CCD31FA92ADF001F8240 /* _F27EA43285A41A2A0B3DF309051E1BB.entitlements */ = {isa = PBXFileReference; lastKnownFileType = text.plist.entitlements; path = _F27EA43285A41A2A0B3DF309051E1BB.entitlements; sourceTree = "<group>"; };
/* End PBXFileReference section */

/* Begin PBXFrameworksBuildPhase section */
		9160CCC51FA92ADF001F8240 /* Frameworks */ = {
			isa = PBXFrameworksBuildPhase;
			buildActionMask = 2147483647;
			files = (
			);
			runOnlyForDeploymentPostprocessing = 0;
		};
/* End PBXFrameworksBuildPhase section */

/* Begin PBXGroup section */
		9160CCBF1FA92ADF001F8240 = {
			isa = PBXGroup;
			children = (
				9160CCCA1FA92ADF001F8240 /* 6F27EA43285A41A2A0B3DF309051E1BB */,
				9160CCC91FA92ADF001F8240 /* Products */,
			);
			sourceTree = "<group>";
		};
		9160CCC91FA92ADF001F8240 /* Products */ = {
			isa = PBXGroup;
			children = (
				9160CCC81FA92ADF001F8240 /* 6F27EA43285A41A2A0B3DF309051E1BB.app */,
			);
			name = Products;
			sourceTree = "<group>";
		};
		9160CCCA1FA92ADF001F8240 /* 6F27EA43285A41A2A0B3DF309051E1BB */ = {
			isa = PBXGroup;
			children = (
				9160CCCB1FA92ADF001F8240 /* AppDelegate.swift */,
				9160CCCD1FA92ADF001F8240 /* Assets.xcassets */,
				9160CCCF1FA92ADF001F8240 /* MainMenu.xib */,
				9160CCD21FA92ADF001F8240 /* Info.plist */,
				9160CCD31FA92ADF001F8240 /* _F27EA43285A41A2A0B3DF309051E1BB.entitlements */,
			);
			path = 6F27EA43285A41A2A0B3DF309051E1BB;
			sourceTree = "<group>";
		};
/* End PBXGroup section */

/* Begin PBXNativeTarget section */
		9160CCC71FA92ADF001F8240 /* 6F27EA43285A41A2A0B3DF309051E1BB */ = {
			isa = PBXNativeTarget;
			buildConfigurationList = 9160CCD61FA92ADF001F8240 /* Build configuration list for PBXNativeTarget "6F27EA43285A41A2A0B3DF309051E1BB" */;
			buildPhases = (
				9160CCC41FA92ADF001F8240 /* Sources */,
				9160CCC51FA92ADF001F8240 /* Frameworks */,
				9160CCC61FA92ADF001F8240 /* Resources */,
			);
			buildRules = (
			);
			dependencies = (
			);
			name = 6F27EA43285A41A2A0B3DF309051E1BB;
			productName = 6F27EA43285A41A2A0B3DF309051E1BB;
			productReference = 9160CCC81FA92ADF001F8240 /* 6F27EA43285A41A2A0B3DF309051E1BB.app */;
			productType = "com.apple.product-type.application";
		};
/* End PBXNativeTarget section */

/* Begin PBXProject section */
		9160CCC01FA92ADF001F8240 /* Project object */ = {
			isa = PBXProject;
			attributes = {
				LastSwiftUpdateCheck = 0930;
				LastUpgradeCheck = 0930;
				ORGANIZATIONNAME = Apple;
				TargetAttributes = {
					9160CCC71FA92ADF001F8240 = {
						CreatedOnToolsVersion = 9.3;
						ProvisioningStyle = Automatic;
					};
				};
			};
			buildConfigurationList = 9160CCC31FA92ADF001F8240 /* Build configuration list for PBXProject "6F27EA43285A41A2A0B3DF309051E1BB" */;
			compatibilityVersion = "Xcode 8.0";
			developmentRegion = en;
			hasScannedForEncodings = 0;
			knownRegions = (
				en,
				Base,
			);
			mainGroup = 9160CCBF1FA92ADF001F8240;
			productRefGroup = 9160CCC91FA92ADF001F8240 /* Products */;
			projectDirPath = "";
			projectRoot = "";
			targets = (
				9160CCC71FA92ADF001F8240 /* 6F27EA43285A41A2A0B3DF309051E1BB */,
			);
		};
/* End PBXProject section */

/* Begin PBXResourcesBuildPhase section */
		9160CCC61FA92ADF001F8240 /* Resources */ = {
			isa = PBXResourcesBuildPhase;
			buildActionMask = 2147483647;
			files = (
				9160CCCE1FA92ADF001F8240 /* Assets.xcassets in Resources */,
				9160CCD11FA92ADF001F8240 /* MainMenu.xib in Resources */,
			);
			runOnlyForDeploymentPostprocessing = 0;
		};
/* End PBXResourcesBuildPhase section */

/* Begin PBXSourcesBuildPhase section */
		9160CCC41FA92ADF001F8240 /* Sources */ = {
			isa = PBXSourcesBuildPhase;
			buildActionMask = 2147483647;
			files = (
				9160CCCC1FA92ADF001F8240 /* AppDelegate.swift in Sources */,
			);
			runOnlyForDeploymentPostprocessing = 0;
		};
/* End PBXSourcesBuildPhase section */

/* Begin PBXVariantGroup section */
		9160CCCF1FA92ADF001F8240 /* MainMenu.xib */ = {
			isa = PBXVariantGroup;
			children = (
				9160CCD01FA92ADF001F8240 /* Base */,
			);
			name = MainMenu.xib;
			sourceTree = "<group>";
		};
/* End PBXVariantGroup section */

/* Begin XCBuildConfiguration section */
		9160CCD41FA92ADF001F8240 /* Debug */ = {
			isa = XCBuildConfiguration;
			buildSettings = {
				ALWAYS_SEARCH_USER_PATHS = NO;
				CLANG_ANALYZER_NONNULL = YES;
				CLANG_ANALYZER_NUMBER_OBJECT_CONVERSION = YES_AGGRESSIVE;
				CLANG_CXX_LANGUAGE_STANDARD = "gnu++14";
				CLANG_CXX_LIBRARY = "libc++";
				CLANG_ENABLE_MODULES = YES;
				CLANG_ENABLE_OBJC_ARC = YES;
				CLANG_ENABLE_OBJC_WEAK = YES;
				CLANG_WARN_BLOCK_CAPTURE_AUTORELEASING = YES;
				CLANG_WARN_BOOL_CONVERSION = YES;
				CLANG_WARN_COMMA = YES;
				CLANG_WARN_CONSTANT_CONVERSION = YES;
				CLANG_WARN_DIRECT_OBJC_ISA_USAGE = YES_ERROR;
				CLANG_WARN_DOCUMENTATION_COMMENTS = YES;
				CLANG_WARN_EMPTY_BODY = YES;
				CLANG_WARN_ENUM_CONVERSION = YES;
				CLANG_WARN_INFINITE_RECURSION = YES;
				CLANG_WARN_INT_CONVERSION = YES;
				CLANG_WARN_NON_LITERAL_NULL_CONVERSION = YES;
				CLANG_WARN_OBJC_LITERAL_CONVERSION = YES;
				CLANG_WARN_OBJC_ROOT_CLASS = YES_ERROR;
				CLANG_WARN_RANGE_LOOP_ANALYSIS = YES;
				CLANG_WARN_STRICT_PROTOTYPES = YES;
				CLANG_WARN_SUSPICIOUS_MOVE = YES;
				CLANG_WARN_UNGUARDED_AVAILABILITY = YES_AGGRESSIVE;
				CLANG_WARN_UNREACHABLE_CODE = YES;
				CLANG_WARN__DUPLICATE_METHOD_MATCH = YES;
				CODE_SIGN_IDENTITY = "-";
				COPY_PHASE_STRIP = NO;
				DEBUG_INFORMATION_FORMAT = dwarf;
				ENABLE_STRICT_OBJC_MSGSEND = YES;
				ENABLE_TESTABILITY = YES;
				GCC_C_LANGUAGE_STANDARD = gnu11;
				GCC_DYNAMIC_NO_PIC = NO;
				GCC_NO_COMMON_BLOCKS = YES;
				GCC_OPTIMIZATION_LEVEL = 0;
				GCC_PREPROCESSOR_DEFINITIONS = (
					"DEBUG=1",
					"$(inherited)",
				);
				GCC_WARN_64_TO_32_BIT_CONVERSION = YES;
				GCC_WARN_ABOUT_RETURN_TYPE = YES_ERROR;
				GCC_WARN_UNDECLARED_SELECTOR = YES;
				GCC_WARN_UNINITIALIZED_AUTOS = YES_AGGRESSIVE;
				GCC_WARN_UNUSED_FUNCTION = YES;
				GCC_WARN_UNUSED_VARIABLE = YES;
				MACOSX_DEPLOYMENT_TARGET = 10.13;
				MTL_ENABLE_DEBUG_INFO = YES;
				ONLY_ACTIVE_ARCH = YES;
				SDKROOT = macosx;
				SWIFT_ACTIVE_COMPILATION_CONDITIONS = DEBUG;
				SWIFT_OPTIMIZATION_LEVEL = "-Onone";
			};
			name = Debug;
		};
		9160CCD51FA92ADF001F8240 /* Release */ = {
			isa = XCBuildConfiguration;
			buildSettings = {
				ALWAYS_SEARCH_USER_PATHS = NO;
				CLANG_ANALYZER_NONNULL = YES;
				CLANG_ANALYZER_NUMBER_OBJECT_CONVERSION = YES_AGGRESSIVE;
				CLANG_CXX_LANGUAGE_STANDARD = "gnu++14";
				CLANG_CXX_LIBRARY = "libc++";
				CLANG_ENABLE_MODULES = YES;
				CLANG_ENABLE_OBJC_ARC = YES;
				CLANG_ENABLE_OBJC_WEAK = YES;
				CLANG_WARN_BLOCK_CAPTURE_AUTORELEASING = YES;
				CLANG_WARN_BOOL_CONVERSION = YES;
				CLANG_WARN_COMMA = YES;
				CLANG_WARN_CONSTANT_CONVERSION = YES;
				CLANG_WARN_DIRECT_OBJC_ISA_USAGE = YES_ERROR;
				CLANG_WARN_DOCUMENTATION_COMMENTS = YES;
				CLANG_WARN_EMPTY_BODY = YES;
				CLANG_WARN_ENUM_CONVERSION = YES;
				CLANG_WARN_INFINITE_RECURSION = YES;
				CLANG_WARN_INT_CONVERSION = YES;
				CLANG_WARN_NON_LITERAL_NULL_CONVERSION = YES;
				CLANG_WARN_OBJC_LITERAL_CONVERSION = YES;
				CLANG_WARN_OBJC_ROOT_CLASS = YES_ERROR;
				CLANG_WARN_RANGE_LOOP_ANALYSIS = YES;
				CLANG_WARN_STRICT_PROTOTYPES = YES;
				CLANG_WARN_SUSPICIOUS_MOVE = YES;
				CLANG_WARN_UNGUARDED_AVAILABILITY = YES_AGGRESSIVE;
				CLANG_WARN_UNREACHABLE_CODE = YES;
				CLANG_WARN__DUPLICATE_METHOD_MATCH = YES;
				CODE_SIGN_IDENTITY = "-";
				COPY_PHASE_STRIP = NO;
				DEBUG_INFORMATION_FORMAT = "dwarf-with-dsym";
				ENABLE_NS_ASSERTIONS = NO;
				ENABLE_STRICT_OBJC_MSGSEND = YES;
				GCC_C_LANGUAGE_STANDARD = gnu11;
				GCC_NO_COMMON_BLOCKS = YES;
				GCC_WARN_64_TO_32_BIT_CONVERSION = YES;
				GCC_WARN_ABOUT_RETURN_TYPE = YES_ERROR;
				GCC_WARN_UNDECLARED_SELECTOR = YES;
				GCC_WARN_UNINITIALIZED_AUTOS = YES_AGGRESSIVE;
				GCC_WARN_UNUSED_FUNCTION = YES;
				GCC_WARN_UNUSED_VARIABLE = YES;
				MACOSX_DEPLOYMENT_TARGET = 10.13;
				MTL_ENABLE_DEBUG_INFO = NO;
				SDKROOT = macosx;
				SWIFT_OPTIMIZATION_LEVEL = "-Owholemodule";
			};
			name = Release;
		};
		9160CCD71FA92ADF001F8240 /* Debug */ = {
			isa = XCBuildConfiguration;
			buildSettings = {
				ASSETCATALOG_COMPILER_APPICON_NAME = AppIcon;
				CODE_SIGN_ENTITLEMENTS = 6F27EA43285A41A2A0B3DF309051E1BB/_F27EA43285A41A2A0B3DF309051E1BB.entitlements;
				CODE_SIGN_STYLE = Automatic;
				COMBINE_HIDPI_IMAGES = YES;
				INFOPLIST_FILE = 6F27EA43285A41A2A0B3DF309051E1BB/Info.plist;
				LD_RUNPATH_SEARCH_PATHS = "$(inherited) @executable_path/../Frameworks";
				PRODUCT_BUNDLE_IDENTIFIER = "com.apple.dt.Xcode.-F27EA43285A41A2A0B3DF309051E1BB";
				PRODUCT_NAME = "$(TARGET_NAME)";
				SWIFT_VERSION = 4.0;
			};
			name = Debug;
		};
		9160CCD81FA92ADF001F8240 /* Release */ = {
			isa = XCBuildConfiguration;
			buildSettings = {
				ASSETCATALOG_COMPILER_APPICON_NAME = AppIcon;
				CODE_SIGN_ENTITLEMENTS = 6F27EA43285A41A2A0B3DF309051E1BB/_F27EA43285A41A2A0B3DF309051E1BB.entitlements;
				CODE_SIGN_STYLE = Automatic;
				COMBINE_HIDPI_IMAGES = YES;
				INFOPLIST_FILE = 6F27EA43285A41A2A0B3DF309051E1BB/Info.plist;
				LD_RUNPATH_SEARCH_PATHS = "$(inherited) @executable_path/../Frameworks";
				PRODUCT_BUNDLE_IDENTIFIER = "com.apple.dt.Xcode.-F27EA43285A41A2A0B3DF309051E1BB";
				PRODUCT_NAME = "$(TARGET_NAME)";
				SWIFT_VERSION = 4.0;
			};
			name = Release;
		};
/* End XCBuildConfiguration section */

/* Begin XCConfigurationList section */
		9160CCC31FA92ADF001F8240 /* Build configuration list for PBXProject "6F27EA43285A41A2A0B3DF309051E1BB" */ = {
			isa = XCConfigurationList;
			buildConfigurations = (
				9160CCD41FA92ADF001F8240 /* Debug */,
				9160CCD51FA92ADF001F8240 /* Release */,
			);
			defaultConfigurationIsVisible = 0;
			defaultConfigurationName = Release;
		};
		9160CCD61FA92ADF001F8240 /* Build configuration list for PBXNativeTarget "6F27EA43285A41A2A0B3DF309051E1BB" */ = {
			isa = XCConfigurationList;
			buildConfigurations = (
				9160CCD71FA92ADF001F8240 /* Debug */,
				9160CCD81FA92ADF001F8240 /* Release */,
			);
			defaultConfigurationIsVisible = 0;
			defaultConfigurationName = Release;
		};
/* End XCConfigurationList section */
	};
	rootObject = 9160CCC01FA92ADF001F8240 /* Project object */;
}
